
Microsoft Visual Studio Solution File, Format Version 12.00
# Visual Studio Version 17
VisualStudioVersion = 17.14.36623.8 d17.14
MinimumVisualStudioVersion = 10.0.40219.1
Project("{FAE04EC0-301F-11D3-BF4B-00C04F79EFBC}") = "PopesculG_Tema11", "PopesculG_Tema11.csproj", "{864EF749-B604-4B20-9158-382DD01FE169}"
EndProject
Global
	GlobalSection(SolutionConfigurationPlatforms) = preSolution
		Debug|Any CPU = Debug|Any CPU
		Release|Any CPU = Release|Any CPU
	EndGlobalSection
	GlobalSection(ProjectConfigurationPlatforms) = postSolution
		{864EF749-B604-4B20-9158-382DD01FE169}.Debug|Any CPU.ActiveCfg = Debug|Any CPU
		{864EF749-B604-4B20-9158-382DD01FE169}.Debug|Any CPU.Build.0 = Debug|Any CPU
		{864EF749-B604-4B20-9158-382DD01FE169}.Release|Any CPU.ActiveCfg = Release|Any CPU
		{864EF749-B604-4B20-9158-382DD01FE169}.Release|Any CPU.Build.0 = Release|Any CPU
	EndGlobalSection
	GlobalSection(SolutionProperties) = preSolution
		HideSolutionNode = FALSE
	EndGlobalSection
	GlobalSection(ExtensibilityGlobals) = postSolution
		SolutionGuid = {A5A5ECBB-858E-41C2-9B85-B5741F468C59}
	EndGlobalSection
EndGlobal
